
Microsoft Visual Studio Solution File, Format Version 12.00
# Visual Studio Version 17
VisualStudioVersion = 17.14.36930.0
MinimumVisualStudioVersion = 10.0.40219.1
Project("{FAE04EC0-301F-11D3-BF4B-00C04F79EFBC}") = "enterprise-ecommerce.api", "enterprise-ecommerce.api.csproj", "{494EC7B4-D290-4B76-9026-27F75D9B9D7C}"
EndProject
Project("{FAE04EC0-301F-11D3-BF4B-00C04F79EFBC}") = "enterprise-ecommerce.Domain", "..\enterprise-ecommerce.Domain\enterprise-ecommerce.Domain\enterprise-ecommerce.Domain.csproj", "{8CB669CE-5C83-48BD-BED0-A4DB9BF37BD5}"
EndProject
Project("{FAE04EC0-301F-11D3-BF4B-00C04F79EFBC}") = "enterprise-ecommerce.Application", "..\enterprise-ecommerce.Application\ClassLibrary1\enterprise-ecommerce.Application.csproj", "{6EA10DB2-49B8-44B6-9DAA-A08DB17E5BE4}"
EndProject
Project("{FAE04EC0-301F-11D3-BF4B-00C04F79EFBC}") = "enterprise-ecommerce.Infrastructure", "..\enterprise-ecommerce.Infrastructure\enterprise-ecommerce.Infrastructure\enterprise-ecommerce.Infrastructure.csproj", "{4311B973-7C07-433C-8537-88C90D771210}"
EndProject
Global
	GlobalSection(SolutionConfigurationPlatforms) = preSolution
		Debug|Any CPU = Debug|Any CPU
		Release|Any CPU = Release|Any CPU
	EndGlobalSection
	GlobalSection(ProjectConfigurationPlatforms) = postSolution
		{494EC7B4-D290-4B76-9026-27F75D9B9D7C}.Debug|Any CPU.ActiveCfg = Debug|Any CPU
		{494EC7B4-D290-4B76-9026-27F75D9B9D7C}.Debug|Any CPU.Build.0 = Debug|Any CPU
		{494EC7B4-D290-4B76-9026-27F75D9B9D7C}.Release|Any CPU.ActiveCfg = Release|Any CPU
		{494EC7B4-D290-4B76-9026-27F75D9B9D7C}.Release|Any CPU.Build.0 = Release|Any CPU
		{8CB669CE-5C83-48BD-BED0-A4DB9BF37BD5}.Debug|Any CPU.ActiveCfg = Debug|Any CPU
		{8CB669CE-5C83-48BD-BED0-A4DB9BF37BD5}.Debug|Any CPU.Build.0 = Debug|Any CPU
		{8CB669CE-5C83-48BD-BED0-A4DB9BF37BD5}.Release|Any CPU.ActiveCfg = Release|Any CPU
		{8CB669CE-5C83-48BD-BED0-A4DB9BF37BD5}.Release|Any CPU.Build.0 = Release|Any CPU
		{6EA10DB2-49B8-44B6-9DAA-A08DB17E5BE4}.Debug|Any CPU.ActiveCfg = Debug|Any CPU
		{6EA10DB2-49B8-44B6-9DAA-A08DB17E5BE4}.Debug|Any CPU.Build.0 = Debug|Any CPU
		{6EA10DB2-49B8-44B6-9DAA-A08DB17E5BE4}.Release|Any CPU.ActiveCfg = Release|Any CPU
		{6EA10DB2-49B8-44B6-9DAA-A08DB17E5BE4}.Release|Any CPU.Build.0 = Release|Any CPU
		{4311B973-7C07-433C-8537-88C90D771210}.Debug|Any CPU.ActiveCfg = Debug|Any CPU
		{4311B973-7C07-433C-8537-88C90D771210}.Debug|Any CPU.Build.0 = Debug|Any CPU
		{4311B973-7C07-433C-8537-88C90D771210}.Release|Any CPU.ActiveCfg = Release|Any CPU
		{4311B973-7C07-433C-8537-88C90D771210}.Release|Any CPU.Build.0 = Release|Any CPU
	EndGlobalSection
	GlobalSection(SolutionProperties) = preSolution
		HideSolutionNode = FALSE
	EndGlobalSection
	GlobalSection(ExtensibilityGlobals) = postSolution
		SolutionGuid = {3D092391-FEF0-4461-8ACD-011C689CBA08}
	EndGlobalSection
EndGlobal
